{
  "version": 4,
  "terraform_version": "1.2.3",
  "serial": 24,
  "lineage": "83aaa6b3-c47a-6737-643f-b0dbcc214f87",
  "outputs": {
    "virtual_network_id": {
      "value": "/subscriptions/765266c6-9a23-4638-af32-dd1e32613047/resourceGroups/devops-TP2/providers/Microsoft.Network/virtualNetworks/example-network",
      "type": "string"
    }
  },
  "resources": [
    {
      "mode": "data",
      "type": "azurerm_resource_group",
      "name": "tp4",
      "provider": "provider[\"registry.terraform.io/hashicorp/azurerm\"]",
      "instances": [
        {
          "schema_version": 0,
          "attributes": {
            "id": "/subscriptions/765266c6-9a23-4638-af32-dd1e32613047/resourceGroups/devops-TP2",
            "location": "francecentral",
            "name": "devops-TP2",
            "tags": {
              "billing": "devops"
            },
            "timeouts": null
          },
          "sensitive_attributes": []
        }
      ]
    },
    {
      "mode": "data",
      "type": "azurerm_subnet",
      "name": "tp4",
      "provider": "provider[\"registry.terraform.io/hashicorp/azurerm\"]",
      "instances": [
        {
          "schema_version": 0,
          "attributes": {
            "address_prefix": "10.3.1.0/24",
            "address_prefixes": [
              "10.3.1.0/24"
            ],
            "enforce_private_link_endpoint_network_policies": false,
            "enforce_private_link_service_network_policies": false,
            "id": "/subscriptions/765266c6-9a23-4638-af32-dd1e32613047/resourceGroups/devops-TP2/providers/Microsoft.Network/virtualNetworks/example-network/subnets/internal",
            "name": "internal",
            "network_security_group_id": "",
            "resource_group_name": "devops-TP2",
            "route_table_id": "",
            "service_endpoints": [],
            "timeouts": null,
            "virtual_network_name": "example-network"
          },
          "sensitive_attributes": []
        }
      ]
    },
    {
      "mode": "data",
      "type": "azurerm_virtual_network",
      "name": "tp4",
      "provider": "provider[\"registry.terraform.io/hashicorp/azurerm\"]",
      "instances": [
        {
          "schema_version": 0,
          "attributes": {
            "address_space": [
              "10.3.0.0/16"
            ],
            "dns_servers": [],
            "guid": "1dbb2c31-815e-40ec-a062-cbac4983cf93",
            "id": "/subscriptions/765266c6-9a23-4638-af32-dd1e32613047/resourceGroups/devops-TP2/providers/Microsoft.Network/virtualNetworks/example-network",
            "location": "francecentral",
            "name": "example-network",
            "resource_group_name": "devops-TP2",
            "subnets": [
              "internal"
            ],
            "tags": {},
            "timeouts": null,
            "vnet_peerings": {}
          },
          "sensitive_attributes": []
        }
      ]
    },
    {
      "mode": "managed",
      "type": "azurerm_linux_virtual_machine",
      "name": "Devops-20200828",
      "provider": "provider[\"registry.terraform.io/hashicorp/azurerm\"]",
      "instances": [
        {
          "schema_version": 0,
          "attributes": {
            "additional_capabilities": [],
            "admin_password": null,
            "admin_ssh_key": [
              {
                "public_key": "ssh-rsa AAAAB3NzaC1yc2EAAAADAQABAAACAQCleFr7nJEqpsY7/Brtgt4TFtNW9wqj8QcXfxErD4ISv72vppToas+tX/cu+K/kb7tQhkZjd6GGuCC2M7oN4b8AArONeE511vVBVbfSMLrA0WzNGsPi6kJ67o0NOMOrDZq94iUZopzndsTlqyJNKOVcGuOvRpDbPcNRcu9jqlr5BXGv9GmiFD99+QgerkbEm0K3YzZ6PEjxWEEmKIeWvtqcflNqErSfD6KqqNZiF46JhcIfvBJwn3kCkL9xzHJC0X6A4W+Xyumf6wQK5t4ASMEOR1LSxuLrtVentacgZ0soyTfOFwdHW0HlGZV12p+NUqV+vkGdPU5L4Bi+ydZAUbelCLABi7WTgimy5v4fMJIuy9pJunDFnhR2Y/5/Zl0ax0a+LfKmh7gEQDa57l89EHrNSqt8YAjM8bLNM3nZlqgxImbtaJ47zphkpc4pXyvJle10u1ZAWb+7ns2IaO5T7/j3UO0Nq8/IyeiM3jcvrOSZ+kpY+TfwghuYkNOwa7w0e8U7QaivvlJYFH2wx5GVmwXskCnYB/7wVqvCu/d318qrl9dA4fMHd+1oxCHxX0z1G1RbcuPX1CLeVO7InV8tNkyX35ozZmHYFAmLJBL1Z+cdeCx9XPTI5M4B7ezEZ95Hv2LtgIeqLgyFdSLyvZL6sYLMYejzkc0DfpJwRKDxc2QwWQ==\n",
                "username": "azureuser"
              }
            ],
            "admin_username": "azureuser",
            "allow_extension_operations": true,
            "availability_set_id": "",
            "boot_diagnostics": [],
            "computer_name": "devops20200828",
            "custom_data": null,
            "dedicated_host_group_id": "",
            "dedicated_host_id": "",
            "disable_password_authentication": true,
            "encryption_at_host_enabled": false,
            "eviction_policy": "",
            "extensions_time_budget": "PT1H30M",
            "id": "/subscriptions/765266c6-9a23-4638-af32-dd1e32613047/resourceGroups/devops-TP2/providers/Microsoft.Compute/virtualMachines/devops20200828",
            "identity": [],
            "license_type": "",
            "location": "francecentral",
            "max_bid_price": -1,
            "name": "devops20200828",
            "network_interface_ids": [
              "/subscriptions/765266c6-9a23-4638-af32-dd1e32613047/resourceGroups/devops-TP2/providers/Microsoft.Network/networkInterfaces/NIC-20200828"
            ],
            "os_disk": [
              {
                "caching": "ReadWrite",
                "diff_disk_settings": [],
                "disk_encryption_set_id": "",
                "disk_size_gb": 30,
                "name": "OsDisk-20200828",
                "storage_account_type": "Standard_LRS",
                "write_accelerator_enabled": false
              }
            ],
            "patch_mode": "ImageDefault",
            "plan": [],
            "platform_fault_domain": -1,
            "priority": "Regular",
            "private_ip_address": "10.3.1.6",
            "private_ip_addresses": [
              "10.3.1.6"
            ],
            "provision_vm_agent": true,
            "proximity_placement_group_id": "",
            "public_ip_address": "20.216.132.94",
            "public_ip_addresses": [
              "20.216.132.94"
            ],
            "resource_group_name": "devops-TP2",
            "secret": [],
            "secure_boot_enabled": false,
            "size": "Standard_D2s_v3",
            "source_image_id": "",
            "source_image_reference": [
              {
                "offer": "UbuntuServer",
                "publisher": "Canonical",
                "sku": "18.04-LTS",
                "version": "latest"
              }
            ],
            "tags": null,
            "timeouts": null,
            "user_data": "",
            "virtual_machine_id": "36fc0739-a411-4678-bf48-7d3370e57b1b",
            "virtual_machine_scale_set_id": "",
            "vtpm_enabled": false,
            "zone": ""
          },
          "sensitive_attributes": [],
          "private": "eyJlMmJmYjczMC1lY2FhLTExZTYtOGY4OC0zNDM2M2JjN2M0YzAiOnsiY3JlYXRlIjoyNzAwMDAwMDAwMDAwLCJkZWxldGUiOjI3MDAwMDAwMDAwMDAsInJlYWQiOjMwMDAwMDAwMDAwMCwidXBkYXRlIjoyNzAwMDAwMDAwMDAwfX0=",
          "dependencies": [
            "azurerm_network_interface.myterraformnic",
            "data.azurerm_resource_group.tp4",
            "tls_private_key.example_ssh"
          ]
        }
      ]
    },
    {
      "mode": "managed",
      "type": "azurerm_network_interface",
      "name": "myterraformnic",
      "provider": "provider[\"registry.terraform.io/hashicorp/azurerm\"]",
      "instances": [
        {
          "schema_version": 0,
          "attributes": {
            "applied_dns_servers": [],
            "dns_servers": [],
            "enable_accelerated_networking": false,
            "enable_ip_forwarding": false,
            "id": "/subscriptions/765266c6-9a23-4638-af32-dd1e32613047/resourceGroups/devops-TP2/providers/Microsoft.Network/networkInterfaces/NIC-20200828",
            "internal_dns_name_label": "",
            "internal_domain_name_suffix": "gewlwhk4qhwebidczoweta4psd.parx.internal.cloudapp.net",
            "ip_configuration": [
              {
                "gateway_load_balancer_frontend_ip_configuration_id": "",
                "name": "NicConfiguration-20200828",
                "primary": true,
                "private_ip_address": "10.3.1.6",
                "private_ip_address_allocation": "Dynamic",
                "private_ip_address_version": "IPv4",
                "public_ip_address_id": "/subscriptions/765266c6-9a23-4638-af32-dd1e32613047/resourceGroups/devops-TP2/providers/Microsoft.Network/publicIPAddresses/PublicIP-20200828",
                "subnet_id": "/subscriptions/765266c6-9a23-4638-af32-dd1e32613047/resourceGroups/devops-TP2/providers/Microsoft.Network/virtualNetworks/example-network/subnets/internal"
              }
            ],
            "location": "francecentral",
            "mac_address": "",
            "name": "NIC-20200828",
            "private_ip_address": "10.3.1.6",
            "private_ip_addresses": [
              "10.3.1.6"
            ],
            "resource_group_name": "devops-TP2",
            "tags": {},
            "timeouts": null,
            "virtual_machine_id": ""
          },
          "sensitive_attributes": [],
          "private": "eyJlMmJmYjczMC1lY2FhLTExZTYtOGY4OC0zNDM2M2JjN2M0YzAiOnsiY3JlYXRlIjoxODAwMDAwMDAwMDAwLCJkZWxldGUiOjE4MDAwMDAwMDAwMDAsInJlYWQiOjMwMDAwMDAwMDAwMCwidXBkYXRlIjoxODAwMDAwMDAwMDAwfX0=",
          "dependencies": [
            "azurerm_public_ip.myterraformpublicip",
            "data.azurerm_resource_group.tp4",
            "data.azurerm_subnet.tp4"
          ]
        }
      ]
    },
    {
      "mode": "managed",
      "type": "azurerm_network_interface_security_group_association",
      "name": "example",
      "provider": "provider[\"registry.terraform.io/hashicorp/azurerm\"]",
      "instances": [
        {
          "schema_version": 0,
          "attributes": {
            "id": "/subscriptions/765266c6-9a23-4638-af32-dd1e32613047/resourceGroups/devops-TP2/providers/Microsoft.Network/networkInterfaces/NIC-20200828|/subscriptions/765266c6-9a23-4638-af32-dd1e32613047/resourceGroups/devops-TP2/providers/Microsoft.Network/networkSecurityGroups/NetworkSecurityGroup-20200828",
            "network_interface_id": "/subscriptions/765266c6-9a23-4638-af32-dd1e32613047/resourceGroups/devops-TP2/providers/Microsoft.Network/networkInterfaces/NIC-20200828",
            "network_security_group_id": "/subscriptions/765266c6-9a23-4638-af32-dd1e32613047/resourceGroups/devops-TP2/providers/Microsoft.Network/networkSecurityGroups/NetworkSecurityGroup-20200828",
            "timeouts": null
          },
          "sensitive_attributes": [],
          "private": "eyJlMmJmYjczMC1lY2FhLTExZTYtOGY4OC0zNDM2M2JjN2M0YzAiOnsiY3JlYXRlIjoxODAwMDAwMDAwMDAwLCJkZWxldGUiOjE4MDAwMDAwMDAwMDAsInJlYWQiOjMwMDAwMDAwMDAwMCwidXBkYXRlIjoxODAwMDAwMDAwMDAwfX0=",
          "dependencies": [
            "azurerm_network_interface.myterraformnic",
            "azurerm_network_security_group.myterraformnsg",
            "azurerm_public_ip.myterraformpublicip",
            "data.azurerm_resource_group.tp4",
            "data.azurerm_subnet.tp4"
          ]
        }
      ]
    },
    {
      "mode": "managed",
      "type": "azurerm_network_security_group",
      "name": "myterraformnsg",
      "provider": "provider[\"registry.terraform.io/hashicorp/azurerm\"]",
      "instances": [
        {
          "schema_version": 0,
          "attributes": {
            "id": "/subscriptions/765266c6-9a23-4638-af32-dd1e32613047/resourceGroups/devops-TP2/providers/Microsoft.Network/networkSecurityGroups/NetworkSecurityGroup-20200828",
            "location": "francecentral",
            "name": "NetworkSecurityGroup-20200828",
            "resource_group_name": "devops-TP2",
            "security_rule": [
              {
                "access": "Allow",
                "description": "",
                "destination_address_prefix": "*",
                "destination_address_prefixes": [],
                "destination_application_security_group_ids": [],
                "destination_port_range": "22",
                "destination_port_ranges": [],
                "direction": "Inbound",
                "name": "SSH",
                "priority": 1001,
                "protocol": "Tcp",
                "source_address_prefix": "*",
                "source_address_prefixes": [],
                "source_application_security_group_ids": [],
                "source_port_range": "*",
                "source_port_ranges": []
              }
            ],
            "tags": {},
            "timeouts": null
          },
          "sensitive_attributes": [],
          "private": "eyJlMmJmYjczMC1lY2FhLTExZTYtOGY4OC0zNDM2M2JjN2M0YzAiOnsiY3JlYXRlIjoxODAwMDAwMDAwMDAwLCJkZWxldGUiOjE4MDAwMDAwMDAwMDAsInJlYWQiOjMwMDAwMDAwMDAwMCwidXBkYXRlIjoxODAwMDAwMDAwMDAwfX0="
        }
      ]
    },
    {
      "mode": "managed",
      "type": "azurerm_public_ip",
      "name": "myterraformpublicip",
      "provider": "provider[\"registry.terraform.io/hashicorp/azurerm\"]",
      "instances": [
        {
          "schema_version": 0,
          "attributes": {
            "allocation_method": "Dynamic",
            "availability_zone": "No-Zone",
            "domain_name_label": null,
            "fqdn": null,
            "id": "/subscriptions/765266c6-9a23-4638-af32-dd1e32613047/resourceGroups/devops-TP2/providers/Microsoft.Network/publicIPAddresses/PublicIP-20200828",
            "idle_timeout_in_minutes": 4,
            "ip_address": "",
            "ip_tags": {},
            "ip_version": "IPv4",
            "location": "francecentral",
            "name": "PublicIP-20200828",
            "public_ip_prefix_id": null,
            "resource_group_name": "devops-TP2",
            "reverse_fqdn": null,
            "sku": "Basic",
            "sku_tier": "Regional",
            "tags": {},
            "timeouts": null,
            "zones": []
          },
          "sensitive_attributes": [],
          "private": "eyJlMmJmYjczMC1lY2FhLTExZTYtOGY4OC0zNDM2M2JjN2M0YzAiOnsiY3JlYXRlIjoxODAwMDAwMDAwMDAwLCJkZWxldGUiOjE4MDAwMDAwMDAwMDAsInJlYWQiOjMwMDAwMDAwMDAwMCwidXBkYXRlIjoxODAwMDAwMDAwMDAwfX0="
        }
      ]
    },
    {
      "mode": "managed",
      "type": "random_id",
      "name": "randomId",
      "provider": "provider[\"registry.terraform.io/hashicorp/random\"]",
      "instances": [
        {
          "schema_version": 0,
          "attributes": {
            "b64_std": "t5Iy4sqeJ4A=",
            "b64_url": "t5Iy4sqeJ4A",
            "byte_length": 8,
            "dec": "13227691005183928192",
            "hex": "b79232e2ca9e2780",
            "id": "t5Iy4sqeJ4A",
            "keepers": {
              "resource_group": "devops-TP2"
            },
            "prefix": null
          },
          "sensitive_attributes": [],
          "private": "bnVsbA==",
          "dependencies": [
            "data.azurerm_resource_group.tp4"
          ]
        }
      ]
    },
    {
      "mode": "managed",
      "type": "tls_private_key",
      "name": "example_ssh",
      "provider": "provider[\"registry.terraform.io/hashicorp/tls\"]",
      "instances": [
        {
          "schema_version": 0,
          "attributes": {
            "algorithm": "RSA",
            "ecdsa_curve": "P224",
            "id": "e9cc691ff5c8623884126a6a56ba2d971e944b57",
            "private_key_openssh": "-----BEGIN OPENSSH PRIVATE KEY-----\nb3BlbnNzaC1rZXktdjEAAAAABG5vbmUAAAAEbm9uZQAAAAAAAAABAAACFwAAAAdz\nc2gtcnNhAAAAAwEAAQAAAgEApXha+5yRKqbGO/wa7YLeExbTVvcKo/EHF38RKw+C\nEr+9r6aU6GrPrV/3Lviv5G+7UIZGY3ehhrggtjO6DeG/AAKzjXhOddb1QVW30jC6\nwNFszRrD4upCeu6NDTjDqw2aveIlGaKc53bE5asiTSjlXBrjr0aQ2z3DUXLvY6pa\n+QVxr/RpohQ/ffkIHq5GxJtCt2M2ejxI8VhBJiiHlr7anH5TahK0nw+iqqjWYheO\niYXCH7wScJ95ApC/ccxyQtF+gOFvl8rpn+sECubeAEjBDkdS0sbi67VXp7WnIGdL\nKMk3zhcHR1tB5RmVddqfjVKlfr5BnT1OS+AYvsnWQFG3pQiwAYu1k4Ipsub+HzCS\nLsvaSbpwxZ4UdmP+f2ZdGsdGvi3ypoe4BEA2ue5fPRB6zUqrfGAIzPGyzTN52Zao\nMSJm7WieO86YZKXOKV8ryZXtdLtWQFm/u57NiGjuU+/491DtDavPyMnojN43L6zk\nmfpKWPk38IIbmJDTsGu8NHvFO0Gor75SWBR9sMeRlZsF7JAp2Af+8Farwrv3d9fK\nq5fXQOHzB3ftaMQh8V9M9RtUW3Lj19Qi3lTuyJ1fLTZMl9+aM2Zh2BQJiyQS9Wfn\nHXgsfVz0yOTOAe3sxGfeR79i7YCHqi4MhXUi8r2S+rGCzGHo85HNA36ScESg8XNk\nMFkAAAc4Hh7Yih4e2IoAAAAHc3NoLXJzYQAAAgEApXha+5yRKqbGO/wa7YLeExbT\nVvcKo/EHF38RKw+CEr+9r6aU6GrPrV/3Lviv5G+7UIZGY3ehhrggtjO6DeG/AAKz\njXhOddb1QVW30jC6wNFszRrD4upCeu6NDTjDqw2aveIlGaKc53bE5asiTSjlXBrj\nr0aQ2z3DUXLvY6pa+QVxr/RpohQ/ffkIHq5GxJtCt2M2ejxI8VhBJiiHlr7anH5T\nahK0nw+iqqjWYheOiYXCH7wScJ95ApC/ccxyQtF+gOFvl8rpn+sECubeAEjBDkdS\n0sbi67VXp7WnIGdLKMk3zhcHR1tB5RmVddqfjVKlfr5BnT1OS+AYvsnWQFG3pQiw\nAYu1k4Ipsub+HzCSLsvaSbpwxZ4UdmP+f2ZdGsdGvi3ypoe4BEA2ue5fPRB6zUqr\nfGAIzPGyzTN52ZaoMSJm7WieO86YZKXOKV8ryZXtdLtWQFm/u57NiGjuU+/491Dt\nDavPyMnojN43L6zkmfpKWPk38IIbmJDTsGu8NHvFO0Gor75SWBR9sMeRlZsF7JAp\n2Af+8Farwrv3d9fKq5fXQOHzB3ftaMQh8V9M9RtUW3Lj19Qi3lTuyJ1fLTZMl9+a\nM2Zh2BQJiyQS9WfnHXgsfVz0yOTOAe3sxGfeR79i7YCHqi4MhXUi8r2S+rGCzGHo\n85HNA36ScESg8XNkMFkAAAADAQABAAACAHNlI84kufgMpmJexkis40JcwLX9QqZi\nCJgSPV7SSdvZa+d7PI15L6uxKSjQtZmRcggOHDhxzWuuLOHj4PSdYh4XxC/8nnr/\nlboilTc4VITzh/ThnYo55HLmuedmls5Lhoa1lznxdYrWASpJ1noI8yrwdahehdbf\nk77RcLEItLjFWytiP+iQRlcLvOXok+G4hSZvQiastBHbglOiICy4nKxWTMXElcH3\nnXF2nUt7MiQl6+NFvXZdQH7RgzFRar2+a4JltPUexR6JPyB7MIbyNfBHPTNREB9h\nL+f9frfSUU/4Q7qtxJ22vpWO6fRuqqZb5J4nAIsvndK8TYWALLJeSrrleNniJgor\nGcPk4vyTL4u+emaWfAHAMpLM29vLB/n7XLrU5P4CB7ai4o2d/rbPSS91bkq9ufko\nUk78ZEP+8O4yWvin4QCBfRdA8NjHRyjrwBwGiFJ3nVFplIbPm2CiPPp6UfaYLFz1\nSjWYEWGmo8Ky+MBuneD7j2NZbjuMueYS1DmO5jTNqb8cK+VlhM2VEKY3gGuqGPwE\n0TqndylfNfz7rSESAMnglhbqWj0qB6TmB+MXK7lJusX7ZUo+cmymSHDOnXxMNM6J\nWe2Nlge3lxBV5JhHBkYZc+Imon88vzbJP2c7LLqUxyZHknbOTF2euJ9hUz46gQmK\nwgqpWGUj02wBAAABAQClklCsTsXSVkI0iUosIkZkxfEWPYA9SC5L5YTODwUsgd9Q\ne+VnZfTcTL7JGt1JUFy9GmgrV4rgjxTUyqLTe27bw3gdNdbLtNutru9pIYetpyZD\nuoB+E8MCwE0h6AeXJmqtN8wC3vIlZ+n82cNSdivQ83syDj1vAtZ7HSpik/76Ai3M\nP4xHe5GwSDysZw4I6MnkEzVA6COD8rQ8tOmEvBw13iL19s59+Z6v76jHuRJ1WXSo\ngvfDtQc0nJCZF4/sN6xGuvFxld1R0xjrYwK/FM6k+naD17DKpdqpdkJS5UVNi0Ad\nuQjfozy3PiA5D+McPk/DRIm1QiWLW2JrHfLGeKedAAABAQDZmhGkoUjAOlTWvvPZ\nfF+kixxCq4GkWuvxHaz/8/PMbpgnrvzfe1tZX/5OxeNb0mjcw6G1WF5FymFQkwq2\nHaSOM0qpfOOADKEgCVJ9H802/6BeiIe44ZaQDpy3kyn2XuY1SyspnUwrQAXn8PjY\ncCwfh2E/Aq+mwFEIA/0uv59RCPR36FSph/UATWzG/n62BRZtDCREFMt3+hTnK/V8\n7fRfisLsJ8o67soknxka85EovA4VPmBKD02dyTB/VZqCZ1V8LLgoo1D3UKxDDoA6\n8TdAb+6bT5pEg5jc/xzzQsghvix6A8fEqdD5pc754cAx3/6vewHd6zYswiLZNRFS\nyaNpAAABAQDCq0rwn85ysFNFk7e9ivLg1Vr9bKy3yPBOJDZsIBVwvzMOG2gx83su\nTeFOPpVE/be9L/PfUIuEL87KGnjS5C9x9dNk9oyWE4i+I7FU2cCq4FfMT8EkhV7H\nduifYACJ/kfTMcPNPM8mkmtvlLY5j5OXe3n+ax4IB7b49kxtZVU9xFFYhIN6bY8B\nIJ496EGLFE97Zkbc2QmA1RT66w0Bph0QXHZv2J2d9rxf39QTY79fi9a2x7587KB/\nss3S3V97F7h33uEhPSVNVqcuyaMeidzTHDzHTKdNHK8XFgo4nYo7sulLlxNhccn0\nHQf6V8QA4MlW6Z9ats52oKOSB9K0m7dxAAAAAAEC\n-----END OPENSSH PRIVATE KEY-----\n",
            "private_key_pem": "-----BEGIN RSA PRIVATE KEY-----\nMIIJKQIBAAKCAgEApXha+5yRKqbGO/wa7YLeExbTVvcKo/EHF38RKw+CEr+9r6aU\n6GrPrV/3Lviv5G+7UIZGY3ehhrggtjO6DeG/AAKzjXhOddb1QVW30jC6wNFszRrD\n4upCeu6NDTjDqw2aveIlGaKc53bE5asiTSjlXBrjr0aQ2z3DUXLvY6pa+QVxr/Rp\nohQ/ffkIHq5GxJtCt2M2ejxI8VhBJiiHlr7anH5TahK0nw+iqqjWYheOiYXCH7wS\ncJ95ApC/ccxyQtF+gOFvl8rpn+sECubeAEjBDkdS0sbi67VXp7WnIGdLKMk3zhcH\nR1tB5RmVddqfjVKlfr5BnT1OS+AYvsnWQFG3pQiwAYu1k4Ipsub+HzCSLsvaSbpw\nxZ4UdmP+f2ZdGsdGvi3ypoe4BEA2ue5fPRB6zUqrfGAIzPGyzTN52ZaoMSJm7Wie\nO86YZKXOKV8ryZXtdLtWQFm/u57NiGjuU+/491DtDavPyMnojN43L6zkmfpKWPk3\n8IIbmJDTsGu8NHvFO0Gor75SWBR9sMeRlZsF7JAp2Af+8Farwrv3d9fKq5fXQOHz\nB3ftaMQh8V9M9RtUW3Lj19Qi3lTuyJ1fLTZMl9+aM2Zh2BQJiyQS9WfnHXgsfVz0\nyOTOAe3sxGfeR79i7YCHqi4MhXUi8r2S+rGCzGHo85HNA36ScESg8XNkMFkCAwEA\nAQKCAgBzZSPOJLn4DKZiXsZIrONCXMC1/UKmYgiYEj1e0knb2WvnezyNeS+rsSko\n0LWZkXIIDhw4cc1rrizh4+D0nWIeF8Qv/J56/5W6IpU3OFSE84f04Z2KOeRy5rnn\nZpbOS4aGtZc58XWK1gEqSdZ6CPMq8HWoXoXW35O+0XCxCLS4xVsrYj/okEZXC7zl\n6JPhuIUmb0ImrLQR24JToiAsuJysVkzFxJXB951xdp1LezIkJevjRb12XUB+0YMx\nUWq9vmuCZbT1HsUeiT8gezCG8jXwRz0zURAfYS/n/X630lFP+EO6rcSdtr6Vjun0\nbqqmW+SeJwCLL53SvE2FgCyyXkq65XjZ4iYKKxnD5OL8ky+LvnpmlnwBwDKSzNvb\nywf5+1y61OT+Age2ouKNnf62z0kvdW5Kvbn5KFJO/GRD/vDuMlr4p+EAgX0XQPDY\nx0co68AcBohSd51RaZSGz5tgojz6elH2mCxc9Uo1mBFhpqPCsvjAbp3g+49jWW47\njLnmEtQ5juY0zam/HCvlZYTNlRCmN4Brqhj8BNE6p3cpXzX8+60hEgDJ4JYW6lo9\nKgek5gfjFyu5SbrF+2VKPnJspkhwzp18TDTOiVntjZYHt5cQVeSYRwZGGXPiJqJ/\nPL82yT9nOyy6lMcmR5J2zkxdnrifYVM+OoEJisIKqVhlI9NsAQKCAQEA2ZoRpKFI\nwDpU1r7z2XxfpIscQquBpFrr8R2s//PzzG6YJ67833tbWV/+TsXjW9Jo3MOhtVhe\nRcphUJMKth2kjjNKqXzjgAyhIAlSfR/NNv+gXoiHuOGWkA6ct5Mp9l7mNUsrKZ1M\nK0AF5/D42HAsH4dhPwKvpsBRCAP9Lr+fUQj0d+hUqYf1AE1sxv5+tgUWbQwkRBTL\nd/oU5yv1fO30X4rC7CfKOu7KJJ8ZGvORKLwOFT5gSg9Nnckwf1WagmdVfCy4KKNQ\n91CsQw6AOvE3QG/um0+aRIOY3P8c80LIIb4segPHxKnQ+aXO+eHAMd/+r3sB3es2\nLMIi2TURUsmjaQKCAQEAwqtK8J/OcrBTRZO3vYry4NVa/Wyst8jwTiQ2bCAVcL8z\nDhtoMfN7Lk3hTj6VRP23vS/z31CLhC/Oyhp40uQvcfXTZPaMlhOIviOxVNnAquBX\nzE/BJIVex3bon2AAif5H0zHDzTzPJpJrb5S2OY+Tl3t5/mseCAe2+PZMbWVVPcRR\nWISDem2PASCePehBixRPe2ZG3NkJgNUU+usNAaYdEFx2b9idnfa8X9/UE2O/X4vW\ntse+fOygf7LN0t1fexe4d97hIT0lTVanLsmjHonc0xw8x0ynTRyvFxYKOJ2KO7Lp\nS5cTYXHJ9B0H+lfEAODJVumfWrbOdqCjkgfStJu3cQKCAQEAvcZEhNO0YxF8VB0N\nBiwWLaa06uAwnGo/Q3WiH0de5He/czyFhVJMBNJXM9QZyUbj9UUYjtOWxD8QR/k1\nakbH8MyC3PXyYwagrxPyQPWvP7wI3OktlOwJJ3HW87MA8cEp/GimKBDrEP0xKWtb\nW0fY81ZaVV2+Wyt2gAsaj97GzyGEM98HlyLfZXgg2hux3oTpXgksx8NrACO2fzYz\nTtUoPvsBrHu3P1ZqLS4j8wFhI6l+jsBrsatPAcEo7qR1sCz2vOkzYx2ry0UsNv86\nji05BpWX/xOZcw9iDbrgQLeJWwREPdV2L+n6Ov+EVyGvQNAdimU455XvFXHqeoxx\no0X/oQKCAQBufGHQKCM4HLNmbex++3nV+cHmy+NLfBRHhW4N+DezAhGsFAoTL6ne\nIf2aNxLpUUcTbT/wovpMUAYB1vx0VWZIO8l7KCOqmfOmVwOysNQVJ7ctEqcAX2Hn\nu6lTq10i9Ns3FquWtMitj7TCY5j5GnAeLcqTh6BH1nkW3FOMU1MJ935jyvIEbmIX\ntbeaU1O/6AskcmwNtHEcWdPKhdWf9fPQ8WmXGU579Sn9EECBsL9RL0DyBHQs2vBN\nCeKfp10ls9TS1ADaqKWfO2svtumJz50xhHlKdEsQDROi+rNaZq+qKmUWrewmBjsk\n/cUlZOKtzOb5GSeEiPSth4bOvvnr3+VBAoIBAQClklCsTsXSVkI0iUosIkZkxfEW\nPYA9SC5L5YTODwUsgd9Qe+VnZfTcTL7JGt1JUFy9GmgrV4rgjxTUyqLTe27bw3gd\nNdbLtNutru9pIYetpyZDuoB+E8MCwE0h6AeXJmqtN8wC3vIlZ+n82cNSdivQ83sy\nDj1vAtZ7HSpik/76Ai3MP4xHe5GwSDysZw4I6MnkEzVA6COD8rQ8tOmEvBw13iL1\n9s59+Z6v76jHuRJ1WXSogvfDtQc0nJCZF4/sN6xGuvFxld1R0xjrYwK/FM6k+naD\n17DKpdqpdkJS5UVNi0AduQjfozy3PiA5D+McPk/DRIm1QiWLW2JrHfLGeKed\n-----END RSA PRIVATE KEY-----\n",
            "public_key_fingerprint_md5": "7b:36:07:1a:e2:06:bd:e9:3d:7e:eb:bc:58:59:38:34",
            "public_key_fingerprint_sha256": "SHA256:fhV+mWes/utN831H47xXW7A2ytj9CE2mIPR6HvEp8UM",
            "public_key_openssh": "ssh-rsa AAAAB3NzaC1yc2EAAAADAQABAAACAQCleFr7nJEqpsY7/Brtgt4TFtNW9wqj8QcXfxErD4ISv72vppToas+tX/cu+K/kb7tQhkZjd6GGuCC2M7oN4b8AArONeE511vVBVbfSMLrA0WzNGsPi6kJ67o0NOMOrDZq94iUZopzndsTlqyJNKOVcGuOvRpDbPcNRcu9jqlr5BXGv9GmiFD99+QgerkbEm0K3YzZ6PEjxWEEmKIeWvtqcflNqErSfD6KqqNZiF46JhcIfvBJwn3kCkL9xzHJC0X6A4W+Xyumf6wQK5t4ASMEOR1LSxuLrtVentacgZ0soyTfOFwdHW0HlGZV12p+NUqV+vkGdPU5L4Bi+ydZAUbelCLABi7WTgimy5v4fMJIuy9pJunDFnhR2Y/5/Zl0ax0a+LfKmh7gEQDa57l89EHrNSqt8YAjM8bLNM3nZlqgxImbtaJ47zphkpc4pXyvJle10u1ZAWb+7ns2IaO5T7/j3UO0Nq8/IyeiM3jcvrOSZ+kpY+TfwghuYkNOwa7w0e8U7QaivvlJYFH2wx5GVmwXskCnYB/7wVqvCu/d318qrl9dA4fMHd+1oxCHxX0z1G1RbcuPX1CLeVO7InV8tNkyX35ozZmHYFAmLJBL1Z+cdeCx9XPTI5M4B7ezEZ95Hv2LtgIeqLgyFdSLyvZL6sYLMYejzkc0DfpJwRKDxc2QwWQ==\n",
            "public_key_pem": "-----BEGIN PUBLIC KEY-----\nMIICIjANBgkqhkiG9w0BAQEFAAOCAg8AMIICCgKCAgEApXha+5yRKqbGO/wa7YLe\nExbTVvcKo/EHF38RKw+CEr+9r6aU6GrPrV/3Lviv5G+7UIZGY3ehhrggtjO6DeG/\nAAKzjXhOddb1QVW30jC6wNFszRrD4upCeu6NDTjDqw2aveIlGaKc53bE5asiTSjl\nXBrjr0aQ2z3DUXLvY6pa+QVxr/RpohQ/ffkIHq5GxJtCt2M2ejxI8VhBJiiHlr7a\nnH5TahK0nw+iqqjWYheOiYXCH7wScJ95ApC/ccxyQtF+gOFvl8rpn+sECubeAEjB\nDkdS0sbi67VXp7WnIGdLKMk3zhcHR1tB5RmVddqfjVKlfr5BnT1OS+AYvsnWQFG3\npQiwAYu1k4Ipsub+HzCSLsvaSbpwxZ4UdmP+f2ZdGsdGvi3ypoe4BEA2ue5fPRB6\nzUqrfGAIzPGyzTN52ZaoMSJm7WieO86YZKXOKV8ryZXtdLtWQFm/u57NiGjuU+/4\n91DtDavPyMnojN43L6zkmfpKWPk38IIbmJDTsGu8NHvFO0Gor75SWBR9sMeRlZsF\n7JAp2Af+8Farwrv3d9fKq5fXQOHzB3ftaMQh8V9M9RtUW3Lj19Qi3lTuyJ1fLTZM\nl9+aM2Zh2BQJiyQS9WfnHXgsfVz0yOTOAe3sxGfeR79i7YCHqi4MhXUi8r2S+rGC\nzGHo85HNA36ScESg8XNkMFkCAwEAAQ==\n-----END PUBLIC KEY-----\n",
            "rsa_bits": 4096
          },
          "sensitive_attributes": [],
          "private": "bnVsbA=="
        }
      ]
    }
  ]
}
